
Microsoft Visual Studio Solution File, Format Version 12.00
# Visual Studio 14
VisualStudioVersion = 14.0.24720.0
MinimumVisualStudioVersion = 10.0.40219.1
Project("{FAE04EC0-301F-11D3-BF4B-00C04F79EFBC}") = "DREMOV", "DREMOV\DREMOV.csproj", "{D844DF82-D244-4D32-A13E-BB9D3E42296B}"
EndProject
Global
	GlobalSection(SolutionConfigurationPlatforms) = preSolution
		Debug|Any CPU = Debug|Any CPU
		Release|Any CPU = Release|Any CPU
	EndGlobalSection
	GlobalSection(ProjectConfigurationPlatforms) = postSolution
		{D844DF82-D244-4D32-A13E-BB9D3E42296B}.Debug|Any CPU.ActiveCfg = Debug|Any CPU
		{D844DF82-D244-4D32-A13E-BB9D3E42296B}.Debug|Any CPU.Build.0 = Debug|Any CPU
		{D844DF82-D244-4D32-A13E-BB9D3E42296B}.Release|Any CPU.ActiveCfg = Release|Any CPU
		{D844DF82-D244-4D32-A13E-BB9D3E42296B}.Release|Any CPU.Build.0 = Release|Any CPU
	EndGlobalSection
	GlobalSection(SolutionProperties) = preSolution
		HideSolutionNode = FALSE
	EndGlobalSection
EndGlobal
